
Microsoft Visual Studio Solution File, Format Version 12.00
# Visual Studio Version 17
VisualStudioVersion = 17.11.35327.3
MinimumVisualStudioVersion = 10.0.40219.1
Project("{FAE04EC0-301F-11D3-BF4B-00C04F79EFBC}") = "TourDeApp", "TourDeApp.csproj", "{AD0FFBC7-620B-4289-A724-967F8ADDB86F}"
EndProject
Global
	GlobalSection(SolutionConfigurationPlatforms) = preSolution
		Debug|Any CPU = Debug|Any CPU
		Release|Any CPU = Release|Any CPU
	EndGlobalSection
	GlobalSection(ProjectConfigurationPlatforms) = postSolution
		{AD0FFBC7-620B-4289-A724-967F8ADDB86F}.Debug|Any CPU.ActiveCfg = Debug|Any CPU
		{AD0FFBC7-620B-4289-A724-967F8ADDB86F}.Debug|Any CPU.Build.0 = Debug|Any CPU
		{AD0FFBC7-620B-4289-A724-967F8ADDB86F}.Release|Any CPU.ActiveCfg = Release|Any CPU
		{AD0FFBC7-620B-4289-A724-967F8ADDB86F}.Release|Any CPU.Build.0 = Release|Any CPU
	EndGlobalSection
	GlobalSection(SolutionProperties) = preSolution
		HideSolutionNode = FALSE
	EndGlobalSection
	GlobalSection(ExtensibilityGlobals) = postSolution
		SolutionGuid = {CFE10367-E940-4A44-BE84-8F40F379E0C8}
	EndGlobalSection
EndGlobal
